// !$*UTF8*$!
{
	archiveVersion = 1;
	classes = {
	};
	objectVersion = 51;
	objects = {

/* Begin PBXBuildFile section */
		5CF514DB817285177455C24F /* Pods_SocialAppUITests.framework in Frameworks */ = {isa = PBXBuildFile; fileRef = A748751E908DB64FE9D247AA /* Pods_SocialAppUITests.framework */; };
		CE121D3223D7ACC300385F3A /* AddAndEditPostVC.swift in Sources */ = {isa = PBXBuildFile; fileRef = CE121D3123D7ACC300385F3A /* AddAndEditPostVC.swift */; };
		CE121D3A23D7B15900385F3A /* DetailVC.swift in Sources */ = {isa = PBXBuildFile; fileRef = CE121D3923D7B15900385F3A /* DetailVC.swift */; };
		CE121D3C23D7B2A600385F3A /* Details.swift in Sources */ = {isa = PBXBuildFile; fileRef = CE121D3B23D7B2A600385F3A /* Details.swift */; };
		CE121D3E23D7B34B00385F3A /* DetailRequest.swift in Sources */ = {isa = PBXBuildFile; fileRef = CE121D3D23D7B34B00385F3A /* DetailRequest.swift */; };
		CE1399E723D4F78B001AD152 /* AppDelegate.swift in Sources */ = {isa = PBXBuildFile; fileRef = CE1399E623D4F78B001AD152 /* AppDelegate.swift */; };
		CE1399E923D4F78B001AD152 /* PostsVC.swift in Sources */ = {isa = PBXBuildFile; fileRef = CE1399E823D4F78B001AD152 /* PostsVC.swift */; };
		CE1399EC23D4F78C001AD152 /* Main.storyboard in Resources */ = {isa = PBXBuildFile; fileRef = CE1399EA23D4F78C001AD152 /* Main.storyboard */; };
		CE1399EF23D4F78C001AD152 /* SocialApp.xcdatamodeld in Sources */ = {isa = PBXBuildFile; fileRef = CE1399ED23D4F78C001AD152 /* SocialApp.xcdatamodeld */; };
		CE1399F123D4F790001AD152 /* Assets.xcassets in Resources */ = {isa = PBXBuildFile; fileRef = CE1399F023D4F790001AD152 /* Assets.xcassets */; };
		CE1399F423D4F790001AD152 /* LaunchScreen.storyboard in Resources */ = {isa = PBXBuildFile; fileRef = CE1399F223D4F790001AD152 /* LaunchScreen.storyboard */; };
		CE1399FF23D4F790001AD152 /* SocialAppTests.swift in Sources */ = {isa = PBXBuildFile; fileRef = CE1399FE23D4F790001AD152 /* SocialAppTests.swift */; };
		CE139A0A23D4F790001AD152 /* SocialAppUITests.swift in Sources */ = {isa = PBXBuildFile; fileRef = CE139A0923D4F790001AD152 /* SocialAppUITests.swift */; };
		CE15A44423D62DA0007FC241 /* ChangeLanguageVC.swift in Sources */ = {isa = PBXBuildFile; fileRef = CE15A44323D62DA0007FC241 /* ChangeLanguageVC.swift */; };
		CE15A44623D632DE007FC241 /* BaseVC.swift in Sources */ = {isa = PBXBuildFile; fileRef = CE15A44523D632DE007FC241 /* BaseVC.swift */; };
		CE15A44C23D63721007FC241 /* PostCell.swift in Sources */ = {isa = PBXBuildFile; fileRef = CE15A44B23D63721007FC241 /* PostCell.swift */; };
		CE15A44E23D639E1007FC241 /* Posts.swift in Sources */ = {isa = PBXBuildFile; fileRef = CE15A44D23D639E1007FC241 /* Posts.swift */; };
		CE15A45023D63DD5007FC241 /* PostRequest.swift in Sources */ = {isa = PBXBuildFile; fileRef = CE15A44F23D63DD5007FC241 /* PostRequest.swift */; };
		CE15A45223D63E42007FC241 /* PostPresenter.swift in Sources */ = {isa = PBXBuildFile; fileRef = CE15A45123D63E42007FC241 /* PostPresenter.swift */; };
		CE20632423D5C43B001F5245 /* LanguageHelper.swift in Sources */ = {isa = PBXBuildFile; fileRef = CE20632323D5C43B001F5245 /* LanguageHelper.swift */; };
		CE20632923D5D5B0001F5245 /* Request.swift in Sources */ = {isa = PBXBuildFile; fileRef = CE20632823D5D5B0001F5245 /* Request.swift */; };
		CE20632B23D5D62B001F5245 /* RouterLayer.swift in Sources */ = {isa = PBXBuildFile; fileRef = CE20632A23D5D62B001F5245 /* RouterLayer.swift */; };
		CE20632D23D5E2E0001F5245 /* Extentions.swift in Sources */ = {isa = PBXBuildFile; fileRef = CE20632C23D5E2E0001F5245 /* Extentions.swift */; };
		CE20632F23D5EE26001F5245 /* Strings.swift in Sources */ = {isa = PBXBuildFile; fileRef = CE20632E23D5EE26001F5245 /* Strings.swift */; };
		E86CBEFD2FA0449DE778F41C /* Pods_SocialAppTests.framework in Frameworks */ = {isa = PBXBuildFile; fileRef = B343999E2C55EF1FD9EC2127 /* Pods_SocialAppTests.framework */; };
		FD21BC9FD2D8E160165A98E5 /* Pods_SocialApp.framework in Frameworks */ = {isa = PBXBuildFile; fileRef = CE1D1F85E37BC588F64F1F26 /* Pods_SocialApp.framework */; };
/* End PBXBuildFile section */

/* Begin PBXContainerItemProxy section */
		CE1399FB23D4F790001AD152 /* PBXContainerItemProxy */ = {
			isa = PBXContainerItemProxy;
			containerPortal = CE1399DB23D4F78B001AD152 /* Project object */;
			proxyType = 1;
			remoteGlobalIDString = CE1399E223D4F78B001AD152;
			remoteInfo = SocialApp;
		};
		CE139A0623D4F790001AD152 /* PBXContainerItemProxy */ = {
			isa = PBXContainerItemProxy;
			containerPortal = CE1399DB23D4F78B001AD152 /* Project object */;
			proxyType = 1;
			remoteGlobalIDString = CE1399E223D4F78B001AD152;
			remoteInfo = SocialApp;
		};
/* End PBXContainerItemProxy section */

/* Begin PBXFileReference section */
		134324E99A0D572E43994307 /* Pods-SocialApp.debug.xcconfig */ = {isa = PBXFileReference; includeInIndex = 1; lastKnownFileType = text.xcconfig; name = "Pods-SocialApp.debug.xcconfig"; path = "Target Support Files/Pods-SocialApp/Pods-SocialApp.debug.xcconfig"; sourceTree = "<group>"; };
		1F50C43B0529C378ABECF0B3 /* Pods-SocialAppTests.release.xcconfig */ = {isa = PBXFileReference; includeInIndex = 1; lastKnownFileType = text.xcconfig; name = "Pods-SocialAppTests.release.xcconfig"; path = "Target Support Files/Pods-SocialAppTests/Pods-SocialAppTests.release.xcconfig"; sourceTree = "<group>"; };
		50955ABD3E9A69161744218D /* Pods-SocialApp.release.xcconfig */ = {isa = PBXFileReference; includeInIndex = 1; lastKnownFileType = text.xcconfig; name = "Pods-SocialApp.release.xcconfig"; path = "Target Support Files/Pods-SocialApp/Pods-SocialApp.release.xcconfig"; sourceTree = "<group>"; };
		A748751E908DB64FE9D247AA /* Pods_SocialAppUITests.framework */ = {isa = PBXFileReference; explicitFileType = wrapper.framework; includeInIndex = 0; path = Pods_SocialAppUITests.framework; sourceTree = BUILT_PRODUCTS_DIR; };
		AF2A01B4B0A89944EBCC8701 /* Pods-SocialAppUITests.debug.xcconfig */ = {isa = PBXFileReference; includeInIndex = 1; lastKnownFileType = text.xcconfig; name = "Pods-SocialAppUITests.debug.xcconfig"; path = "Target Support Files/Pods-SocialAppUITests/Pods-SocialAppUITests.debug.xcconfig"; sourceTree = "<group>"; };
		B343999E2C55EF1FD9EC2127 /* Pods_SocialAppTests.framework */ = {isa = PBXFileReference; explicitFileType = wrapper.framework; includeInIndex = 0; path = Pods_SocialAppTests.framework; sourceTree = BUILT_PRODUCTS_DIR; };
		B54D065455A58E28DC480E18 /* Pods-SocialAppTests.debug.xcconfig */ = {isa = PBXFileReference; includeInIndex = 1; lastKnownFileType = text.xcconfig; name = "Pods-SocialAppTests.debug.xcconfig"; path = "Target Support Files/Pods-SocialAppTests/Pods-SocialAppTests.debug.xcconfig"; sourceTree = "<group>"; };
		CE121D3123D7ACC300385F3A /* AddAndEditPostVC.swift */ = {isa = PBXFileReference; lastKnownFileType = sourcecode.swift; path = AddAndEditPostVC.swift; sourceTree = "<group>"; };
		CE121D3923D7B15900385F3A /* DetailVC.swift */ = {isa = PBXFileReference; lastKnownFileType = sourcecode.swift; path = DetailVC.swift; sourceTree = "<group>"; };
		CE121D3B23D7B2A600385F3A /* Details.swift */ = {isa = PBXFileReference; lastKnownFileType = sourcecode.swift; path = Details.swift; sourceTree = "<group>"; };
		CE121D3D23D7B34B00385F3A /* DetailRequest.swift */ = {isa = PBXFileReference; lastKnownFileType = sourcecode.swift; path = DetailRequest.swift; sourceTree = "<group>"; };
		CE1399E323D4F78B001AD152 /* SocialApp.app */ = {isa = PBXFileReference; explicitFileType = wrapper.application; includeInIndex = 0; path = SocialApp.app; sourceTree = BUILT_PRODUCTS_DIR; };
		CE1399E623D4F78B001AD152 /* AppDelegate.swift */ = {isa = PBXFileReference; lastKnownFileType = sourcecode.swift; path = AppDelegate.swift; sourceTree = "<group>"; };
		CE1399E823D4F78B001AD152 /* PostsVC.swift */ = {isa = PBXFileReference; lastKnownFileType = sourcecode.swift; path = PostsVC.swift; sourceTree = "<group>"; };
		CE1399EB23D4F78C001AD152 /* Base */ = {isa = PBXFileReference; lastKnownFileType = file.storyboard; name = Base; path = Base.lproj/Main.storyboard; sourceTree = "<group>"; };
		CE1399EE23D4F78C001AD152 /* SocialApp.xcdatamodel */ = {isa = PBXFileReference; lastKnownFileType = wrapper.xcdatamodel; path = SocialApp.xcdatamodel; sourceTree = "<group>"; };
		CE1399F023D4F790001AD152 /* Assets.xcassets */ = {isa = PBXFileReference; lastKnownFileType = folder.assetcatalog; path = Assets.xcassets; sourceTree = "<group>"; };
		CE1399F323D4F790001AD152 /* Base */ = {isa = PBXFileReference; lastKnownFileType = file.storyboard; name = Base; path = Base.lproj/LaunchScreen.storyboard; sourceTree = "<group>"; };
		CE1399F523D4F790001AD152 /* Info.plist */ = {isa = PBXFileReference; lastKnownFileType = text.plist.xml; path = Info.plist; sourceTree = "<group>"; };
		CE1399FA23D4F790001AD152 /* SocialAppTests.xctest */ = {isa = PBXFileReference; explicitFileType = wrapper.cfbundle; includeInIndex = 0; path = SocialAppTests.xctest; sourceTree = BUILT_PRODUCTS_DIR; };
		CE1399FE23D4F790001AD152 /* SocialAppTests.swift */ = {isa = PBXFileReference; lastKnownFileType = sourcecode.swift; path = SocialAppTests.swift; sourceTree = "<group>"; };
		CE139A0023D4F790001AD152 /* Info.plist */ = {isa = PBXFileReference; lastKnownFileType = text.plist.xml; path = Info.plist; sourceTree = "<group>"; };
		CE139A0523D4F790001AD152 /* SocialAppUITests.xctest */ = {isa = PBXFileReference; explicitFileType = wrapper.cfbundle; includeInIndex = 0; path = SocialAppUITests.xctest; sourceTree = BUILT_PRODUCTS_DIR; };
		CE139A0923D4F790001AD152 /* SocialAppUITests.swift */ = {isa = PBXFileReference; lastKnownFileType = sourcecode.swift; path = SocialAppUITests.swift; sourceTree = "<group>"; };
		CE139A0B23D4F790001AD152 /* Info.plist */ = {isa = PBXFileReference; lastKnownFileType = text.plist.xml; path = Info.plist; sourceTree = "<group>"; };
		CE15A44323D62DA0007FC241 /* ChangeLanguageVC.swift */ = {isa = PBXFileReference; lastKnownFileType = sourcecode.swift; path = ChangeLanguageVC.swift; sourceTree = "<group>"; };
		CE15A44523D632DE007FC241 /* BaseVC.swift */ = {isa = PBXFileReference; lastKnownFileType = sourcecode.swift; path = BaseVC.swift; sourceTree = "<group>"; };
		CE15A44B23D63721007FC241 /* PostCell.swift */ = {isa = PBXFileReference; lastKnownFileType = sourcecode.swift; path = PostCell.swift; sourceTree = "<group>"; };
		CE15A44D23D639E1007FC241 /* Posts.swift */ = {isa = PBXFileReference; lastKnownFileType = sourcecode.swift; path = Posts.swift; sourceTree = "<group>"; };
		CE15A44F23D63DD5007FC241 /* PostRequest.swift */ = {isa = PBXFileReference; lastKnownFileType = sourcecode.swift; path = PostRequest.swift; sourceTree = "<group>"; };
		CE15A45123D63E42007FC241 /* PostPresenter.swift */ = {isa = PBXFileReference; lastKnownFileType = sourcecode.swift; path = PostPresenter.swift; sourceTree = "<group>"; };
		CE1D1F85E37BC588F64F1F26 /* Pods_SocialApp.framework */ = {isa = PBXFileReference; explicitFileType = wrapper.framework; includeInIndex = 0; path = Pods_SocialApp.framework; sourceTree = BUILT_PRODUCTS_DIR; };
		CE20632323D5C43B001F5245 /* LanguageHelper.swift */ = {isa = PBXFileReference; lastKnownFileType = sourcecode.swift; path = LanguageHelper.swift; sourceTree = "<group>"; };
		CE20632823D5D5B0001F5245 /* Request.swift */ = {isa = PBXFileReference; lastKnownFileType = sourcecode.swift; path = Request.swift; sourceTree = "<group>"; };
		CE20632A23D5D62B001F5245 /* RouterLayer.swift */ = {isa = PBXFileReference; lastKnownFileType = sourcecode.swift; path = RouterLayer.swift; sourceTree = "<group>"; };
		CE20632C23D5E2E0001F5245 /* Extentions.swift */ = {isa = PBXFileReference; lastKnownFileType = sourcecode.swift; path = Extentions.swift; sourceTree = "<group>"; };
		CE20632E23D5EE26001F5245 /* Strings.swift */ = {isa = PBXFileReference; lastKnownFileType = sourcecode.swift; path = Strings.swift; sourceTree = "<group>"; };
		D2CEEE8F6019C70C2B1CD530 /* Pods-SocialAppUITests.release.xcconfig */ = {isa = PBXFileReference; includeInIndex = 1; lastKnownFileType = text.xcconfig; name = "Pods-SocialAppUITests.release.xcconfig"; path = "Target Support Files/Pods-SocialAppUITests/Pods-SocialAppUITests.release.xcconfig"; sourceTree = "<group>"; };
/* End PBXFileReference section */

/* Begin PBXFrameworksBuildPhase section */
		CE1399E023D4F78B001AD152 /* Frameworks */ = {
			isa = PBXFrameworksBuildPhase;
			buildActionMask = 2147483647;
			files = (
				FD21BC9FD2D8E160165A98E5 /* Pods_SocialApp.framework in Frameworks */,
			);
			runOnlyForDeploymentPostprocessing = 0;
		};
		CE1399F723D4F790001AD152 /* Frameworks */ = {
			isa = PBXFrameworksBuildPhase;
			buildActionMask = 2147483647;
			files = (
				E86CBEFD2FA0449DE778F41C /* Pods_SocialAppTests.framework in Frameworks */,
			);
			runOnlyForDeploymentPostprocessing = 0;
		};
		CE139A0223D4F790001AD152 /* Frameworks */ = {
			isa = PBXFrameworksBuildPhase;
			buildActionMask = 2147483647;
			files = (
				5CF514DB817285177455C24F /* Pods_SocialAppUITests.framework in Frameworks */,
			);
			runOnlyForDeploymentPostprocessing = 0;
		};
/* End PBXFrameworksBuildPhase section */

/* Begin PBXGroup section */
		580C03AA5213C85059894C66 /* Pods */ = {
			isa = PBXGroup;
			children = (
				134324E99A0D572E43994307 /* Pods-SocialApp.debug.xcconfig */,
				50955ABD3E9A69161744218D /* Pods-SocialApp.release.xcconfig */,
				B54D065455A58E28DC480E18 /* Pods-SocialAppTests.debug.xcconfig */,
				1F50C43B0529C378ABECF0B3 /* Pods-SocialAppTests.release.xcconfig */,
				AF2A01B4B0A89944EBCC8701 /* Pods-SocialAppUITests.debug.xcconfig */,
				D2CEEE8F6019C70C2B1CD530 /* Pods-SocialAppUITests.release.xcconfig */,
			);
			path = Pods;
			sourceTree = "<group>";
		};
		CE121D2D23D7ABCC00385F3A /* AddAndEditPostVC */ = {
			isa = PBXGroup;
			children = (
				CE121D2E23D7AC0800385F3A /* Presenter */,
				CE121D2F23D7AC1900385F3A /* View */,
				CE121D3323D7AEDD00385F3A /* Model */,
			);
			path = AddAndEditPostVC;
			sourceTree = "<group>";
		};
		CE121D2E23D7AC0800385F3A /* Presenter */ = {
			isa = PBXGroup;
			children = (
			);
			path = Presenter;
			sourceTree = "<group>";
		};
		CE121D2F23D7AC1900385F3A /* View */ = {
			isa = PBXGroup;
			children = (
				CE121D3123D7ACC300385F3A /* AddAndEditPostVC.swift */,
			);
			path = View;
			sourceTree = "<group>";
		};
		CE121D3323D7AEDD00385F3A /* Model */ = {
			isa = PBXGroup;
			children = (
			);
			path = Model;
			sourceTree = "<group>";
		};
		CE121D3423D7B03300385F3A /* ChangeLanguageVC */ = {
			isa = PBXGroup;
			children = (
				CE15A44323D62DA0007FC241 /* ChangeLanguageVC.swift */,
			);
			path = ChangeLanguageVC;
			sourceTree = "<group>";
		};
		CE121D3523D7B0FB00385F3A /* DetailsVC */ = {
			isa = PBXGroup;
			children = (
				CE121D3823D7B13B00385F3A /* View */,
				CE121D3723D7B12D00385F3A /* Presenter */,
				CE121D3623D7B12500385F3A /* Model */,
			);
			path = DetailsVC;
			sourceTree = "<group>";
		};
		CE121D3623D7B12500385F3A /* Model */ = {
			isa = PBXGroup;
			children = (
				CE121D3B23D7B2A600385F3A /* Details.swift */,
				CE121D3D23D7B34B00385F3A /* DetailRequest.swift */,
			);
			path = Model;
			sourceTree = "<group>";
		};
		CE121D3723D7B12D00385F3A /* Presenter */ = {
			isa = PBXGroup;
			children = (
			);
			path = Presenter;
			sourceTree = "<group>";
		};
		CE121D3823D7B13B00385F3A /* View */ = {
			isa = PBXGroup;
			children = (
				CE121D3923D7B15900385F3A /* DetailVC.swift */,
			);
			path = View;
			sourceTree = "<group>";
		};
		CE1399DA23D4F78B001AD152 = {
			isa = PBXGroup;
			children = (
				CE1399E523D4F78B001AD152 /* SocialApp */,
				CE1399FD23D4F790001AD152 /* SocialAppTests */,
				CE139A0823D4F790001AD152 /* SocialAppUITests */,
				CE1399E423D4F78B001AD152 /* Products */,
				580C03AA5213C85059894C66 /* Pods */,
				E7CAA7162361F681D73B035F /* Frameworks */,
			);
			sourceTree = "<group>";
		};
		CE1399E423D4F78B001AD152 /* Products */ = {
			isa = PBXGroup;
			children = (
				CE1399E323D4F78B001AD152 /* SocialApp.app */,
				CE1399FA23D4F790001AD152 /* SocialAppTests.xctest */,
				CE139A0523D4F790001AD152 /* SocialAppUITests.xctest */,
			);
			name = Products;
			sourceTree = "<group>";
		};
		CE1399E523D4F78B001AD152 /* SocialApp */ = {
			isa = PBXGroup;
			children = (
				CE1399E623D4F78B001AD152 /* AppDelegate.swift */,
				CE20632523D5C5B3001F5245 /* Assets */,
				CE15A44723D636B2007FC241 /* Posts */,
				CE121D2D23D7ABCC00385F3A /* AddAndEditPostVC */,
				CE121D3423D7B03300385F3A /* ChangeLanguageVC */,
				CE121D3523D7B0FB00385F3A /* DetailsVC */,
				CE20631D23D50C0B001F5245 /* Networking */,
				CE20632223D5C423001F5245 /* Helper */,
				CE1399F523D4F790001AD152 /* Info.plist */,
				CE1399ED23D4F78C001AD152 /* SocialApp.xcdatamodeld */,
			);
			path = SocialApp;
			sourceTree = "<group>";
		};
		CE1399FD23D4F790001AD152 /* SocialAppTests */ = {
			isa = PBXGroup;
			children = (
				CE1399FE23D4F790001AD152 /* SocialAppTests.swift */,
				CE139A0023D4F790001AD152 /* Info.plist */,
			);
			path = SocialAppTests;
			sourceTree = "<group>";
		};
		CE139A0823D4F790001AD152 /* SocialAppUITests */ = {
			isa = PBXGroup;
			children = (
				CE139A0923D4F790001AD152 /* SocialAppUITests.swift */,
				CE139A0B23D4F790001AD152 /* Info.plist */,
			);
			path = SocialAppUITests;
			sourceTree = "<group>";
		};
		CE15A44723D636B2007FC241 /* Posts */ = {
			isa = PBXGroup;
			children = (
				CE15A44A23D63701007FC241 /* Presenter */,
				CE15A44923D636F1007FC241 /* View */,
				CE15A44823D636E2007FC241 /* Model */,
			);
			path = Posts;
			sourceTree = "<group>";
		};
		CE15A44823D636E2007FC241 /* Model */ = {
			isa = PBXGroup;
			children = (
				CE15A44D23D639E1007FC241 /* Posts.swift */,
				CE15A44F23D63DD5007FC241 /* PostRequest.swift */,
			);
			path = Model;
			sourceTree = "<group>";
		};
		CE15A44923D636F1007FC241 /* View */ = {
			isa = PBXGroup;
			children = (
				CE1399E823D4F78B001AD152 /* PostsVC.swift */,
				CE15A44B23D63721007FC241 /* PostCell.swift */,
			);
			path = View;
			sourceTree = "<group>";
		};
		CE15A44A23D63701007FC241 /* Presenter */ = {
			isa = PBXGroup;
			children = (
				CE15A45123D63E42007FC241 /* PostPresenter.swift */,
			);
			path = Presenter;
			sourceTree = "<group>";
		};
		CE20631D23D50C0B001F5245 /* Networking */ = {
			isa = PBXGroup;
			children = (
				CE20632823D5D5B0001F5245 /* Request.swift */,
				CE20632A23D5D62B001F5245 /* RouterLayer.swift */,
			);
			path = Networking;
			sourceTree = "<group>";
		};
		CE20632223D5C423001F5245 /* Helper */ = {
			isa = PBXGroup;
			children = (
				CE20632323D5C43B001F5245 /* LanguageHelper.swift */,
				CE20632C23D5E2E0001F5245 /* Extentions.swift */,
				CE20632E23D5EE26001F5245 /* Strings.swift */,
				CE15A44523D632DE007FC241 /* BaseVC.swift */,
			);
			path = Helper;
			sourceTree = "<group>";
		};
		CE20632523D5C5B3001F5245 /* Assets */ = {
			isa = PBXGroup;
			children = (
				CE1399EA23D4F78C001AD152 /* Main.storyboard */,
				CE1399F023D4F790001AD152 /* Assets.xcassets */,
				CE1399F223D4F790001AD152 /* LaunchScreen.storyboard */,
			);
			path = Assets;
			sourceTree = "<group>";
		};
		E7CAA7162361F681D73B035F /* Frameworks */ = {
			isa = PBXGroup;
			children = (
				CE1D1F85E37BC588F64F1F26 /* Pods_SocialApp.framework */,
				B343999E2C55EF1FD9EC2127 /* Pods_SocialAppTests.framework */,
				A748751E908DB64FE9D247AA /* Pods_SocialAppUITests.framework */,
			);
			name = Frameworks;
			sourceTree = "<group>";
		};
/* End PBXGroup section */

/* Begin PBXNativeTarget section */
		CE1399E223D4F78B001AD152 /* SocialApp */ = {
			isa = PBXNativeTarget;
			buildConfigurationList = CE139A0E23D4F790001AD152 /* Build configuration list for PBXNativeTarget "SocialApp" */;
			buildPhases = (
				443146BC9AFDC64140E4796D /* [CP] Check Pods Manifest.lock */,
				CE1399DF23D4F78B001AD152 /* Sources */,
				CE1399E023D4F78B001AD152 /* Frameworks */,
				CE1399E123D4F78B001AD152 /* Resources */,
				FAE2CA7926F74D1071DE9BA7 /* [CP] Embed Pods Frameworks */,
			);
			buildRules = (
			);
			dependencies = (
			);
			name = SocialApp;
			productName = SocialApp;
			productReference = CE1399E323D4F78B001AD152 /* SocialApp.app */;
			productType = "com.apple.product-type.application";
		};
		CE1399F923D4F790001AD152 /* SocialAppTests */ = {
			isa = PBXNativeTarget;
			buildConfigurationList = CE139A1123D4F790001AD152 /* Build configuration list for PBXNativeTarget "SocialAppTests" */;
			buildPhases = (
				72156DD954242957AB398DF0 /* [CP] Check Pods Manifest.lock */,
				CE1399F623D4F790001AD152 /* Sources */,
				CE1399F723D4F790001AD152 /* Frameworks */,
				CE1399F823D4F790001AD152 /* Resources */,
			);
			buildRules = (
			);
			dependencies = (
				CE1399FC23D4F790001AD152 /* PBXTargetDependency */,
			);
			name = SocialAppTests;
			productName = SocialAppTests;
			productReference = CE1399FA23D4F790001AD152 /* SocialAppTests.xctest */;
			productType = "com.apple.product-type.bundle.unit-test";
		};
		CE139A0423D4F790001AD152 /* SocialAppUITests */ = {
			isa = PBXNativeTarget;
			buildConfigurationList = CE139A1423D4F790001AD152 /* Build configuration list for PBXNativeTarget "SocialAppUITests" */;
			buildPhases = (
				B4E64F81F596B9DCB5071BAF /* [CP] Check Pods Manifest.lock */,
				CE139A0123D4F790001AD152 /* Sources */,
				CE139A0223D4F790001AD152 /* Frameworks */,
				CE139A0323D4F790001AD152 /* Resources */,
			);
			buildRules = (
			);
			dependencies = (
				CE139A0723D4F790001AD152 /* PBXTargetDependency */,
			);
			name = SocialAppUITests;
			productName = SocialAppUITests;
			productReference = CE139A0523D4F790001AD152 /* SocialAppUITests.xctest */;
			productType = "com.apple.product-type.bundle.ui-testing";
		};
/* End PBXNativeTarget section */

/* Begin PBXProject section */
		CE1399DB23D4F78B001AD152 /* Project object */ = {
			isa = PBXProject;
			attributes = {
				LastSwiftUpdateCheck = 1030;
				LastUpgradeCheck = 1030;
				ORGANIZATIONNAME = Azza;
				TargetAttributes = {
					CE1399E223D4F78B001AD152 = {
						CreatedOnToolsVersion = 10.3;
					};
					CE1399F923D4F790001AD152 = {
						CreatedOnToolsVersion = 10.3;
						TestTargetID = CE1399E223D4F78B001AD152;
					};
					CE139A0423D4F790001AD152 = {
						CreatedOnToolsVersion = 10.3;
						TestTargetID = CE1399E223D4F78B001AD152;
					};
				};
			};
			buildConfigurationList = CE1399DE23D4F78B001AD152 /* Build configuration list for PBXProject "SocialApp" */;
			compatibilityVersion = "Xcode 9.3";
			developmentRegion = en;
			hasScannedForEncodings = 0;
			knownRegions = (
				en,
				Base,
			);
			mainGroup = CE1399DA23D4F78B001AD152;
			productRefGroup = CE1399E423D4F78B001AD152 /* Products */;
			projectDirPath = "";
			projectRoot = "";
			targets = (
				CE1399E223D4F78B001AD152 /* SocialApp */,
				CE1399F923D4F790001AD152 /* SocialAppTests */,
				CE139A0423D4F790001AD152 /* SocialAppUITests */,
			);
		};
/* End PBXProject section */

/* Begin PBXResourcesBuildPhase section */
		CE1399E123D4F78B001AD152 /* Resources */ = {
			isa = PBXResourcesBuildPhase;
			buildActionMask = 2147483647;
			files = (
				CE1399F423D4F790001AD152 /* LaunchScreen.storyboard in Resources */,
				CE1399F123D4F790001AD152 /* Assets.xcassets in Resources */,
				CE1399EC23D4F78C001AD152 /* Main.storyboard in Resources */,
			);
			runOnlyForDeploymentPostprocessing = 0;
		};
		CE1399F823D4F790001AD152 /* Resources */ = {
			isa = PBXResourcesBuildPhase;
			buildActionMask = 2147483647;
			files = (
			);
			runOnlyForDeploymentPostprocessing = 0;
		};
		CE139A0323D4F790001AD152 /* Resources */ = {
			isa = PBXResourcesBuildPhase;
			buildActionMask = 2147483647;
			files = (
			);
			runOnlyForDeploymentPostprocessing = 0;
		};
/* End PBXResourcesBuildPhase section */

/* Begin PBXShellScriptBuildPhase section */
		443146BC9AFDC64140E4796D /* [CP] Check Pods Manifest.lock */ = {
			isa = PBXShellScriptBuildPhase;
			buildActionMask = 2147483647;
			files = (
			);
			inputFileListPaths = (
			);
			inputPaths = (
				"${PODS_PODFILE_DIR_PATH}/Podfile.lock",
				"${PODS_ROOT}/Manifest.lock",
			);
			name = "[CP] Check Pods Manifest.lock";
			outputFileListPaths = (
			);
			outputPaths = (
				"$(DERIVED_FILE_DIR)/Pods-SocialApp-checkManifestLockResult.txt",
			);
			runOnlyForDeploymentPostprocessing = 0;
			shellPath = /bin/sh;
			shellScript = "diff \"${PODS_PODFILE_DIR_PATH}/Podfile.lock\" \"${PODS_ROOT}/Manifest.lock\" > /dev/null\nif [ $? != 0 ] ; then\n    # print error to STDERR\n    echo \"error: The sandbox is not in sync with the Podfile.lock. Run 'pod install' or update your CocoaPods installation.\" >&2\n    exit 1\nfi\n# This output is used by Xcode 'outputs' to avoid re-running this script phase.\necho \"SUCCESS\" > \"${SCRIPT_OUTPUT_FILE_0}\"\n";
			showEnvVarsInLog = 0;
		};
		72156DD954242957AB398DF0 /* [CP] Check Pods Manifest.lock */ = {
			isa = PBXShellScriptBuildPhase;
			buildActionMask = 2147483647;
			files = (
			);
			inputFileListPaths = (
			);
			inputPaths = (
				"${PODS_PODFILE_DIR_PATH}/Podfile.lock",
				"${PODS_ROOT}/Manifest.lock",
			);
			name = "[CP] Check Pods Manifest.lock";
			outputFileListPaths = (
			);
			outputPaths = (
				"$(DERIVED_FILE_DIR)/Pods-SocialAppTests-checkManifestLockResult.txt",
			);
			runOnlyForDeploymentPostprocessing = 0;
			shellPath = /bin/sh;
			shellScript = "diff \"${PODS_PODFILE_DIR_PATH}/Podfile.lock\" \"${PODS_ROOT}/Manifest.lock\" > /dev/null\nif [ $? != 0 ] ; then\n    # print error to STDERR\n    echo \"error: The sandbox is not in sync with the Podfile.lock. Run 'pod install' or update your CocoaPods installation.\" >&2\n    exit 1\nfi\n# This output is used by Xcode 'outputs' to avoid re-running this script phase.\necho \"SUCCESS\" > \"${SCRIPT_OUTPUT_FILE_0}\"\n";
			showEnvVarsInLog = 0;
		};
		B4E64F81F596B9DCB5071BAF /* [CP] Check Pods Manifest.lock */ = {
			isa = PBXShellScriptBuildPhase;
			buildActionMask = 2147483647;
			files = (
			);
			inputFileListPaths = (
			);
			inputPaths = (
				"${PODS_PODFILE_DIR_PATH}/Podfile.lock",
				"${PODS_ROOT}/Manifest.lock",
			);
			name = "[CP] Check Pods Manifest.lock";
			outputFileListPaths = (
			);
			outputPaths = (
				"$(DERIVED_FILE_DIR)/Pods-SocialAppUITests-checkManifestLockResult.txt",
			);
			runOnlyForDeploymentPostprocessing = 0;
			shellPath = /bin/sh;
			shellScript = "diff \"${PODS_PODFILE_DIR_PATH}/Podfile.lock\" \"${PODS_ROOT}/Manifest.lock\" > /dev/null\nif [ $? != 0 ] ; then\n    # print error to STDERR\n    echo \"error: The sandbox is not in sync with the Podfile.lock. Run 'pod install' or update your CocoaPods installation.\" >&2\n    exit 1\nfi\n# This output is used by Xcode 'outputs' to avoid re-running this script phase.\necho \"SUCCESS\" > \"${SCRIPT_OUTPUT_FILE_0}\"\n";
			showEnvVarsInLog = 0;
		};
		FAE2CA7926F74D1071DE9BA7 /* [CP] Embed Pods Frameworks */ = {
			isa = PBXShellScriptBuildPhase;
			buildActionMask = 2147483647;
			files = (
			);
			inputFileListPaths = (
				"${PODS_ROOT}/Target Support Files/Pods-SocialApp/Pods-SocialApp-frameworks-${CONFIGURATION}-input-files.xcfilelist",
			);
			name = "[CP] Embed Pods Frameworks";
			outputFileListPaths = (
				"${PODS_ROOT}/Target Support Files/Pods-SocialApp/Pods-SocialApp-frameworks-${CONFIGURATION}-output-files.xcfilelist",
			);
			runOnlyForDeploymentPostprocessing = 0;
			shellPath = /bin/sh;
			shellScript = "\"${PODS_ROOT}/Target Support Files/Pods-SocialApp/Pods-SocialApp-frameworks.sh\"\n";
			showEnvVarsInLog = 0;
		};
/* End PBXShellScriptBuildPhase section */

/* Begin PBXSourcesBuildPhase section */
		CE1399DF23D4F78B001AD152 /* Sources */ = {
			isa = PBXSourcesBuildPhase;
			buildActionMask = 2147483647;
			files = (
				CE121D3223D7ACC300385F3A /* AddAndEditPostVC.swift in Sources */,
				CE1399EF23D4F78C001AD152 /* SocialApp.xcdatamodeld in Sources */,
				CE15A45023D63DD5007FC241 /* PostRequest.swift in Sources */,
				CE20632423D5C43B001F5245 /* LanguageHelper.swift in Sources */,
				CE20632F23D5EE26001F5245 /* Strings.swift in Sources */,
				CE121D3A23D7B15900385F3A /* DetailVC.swift in Sources */,
				CE15A44423D62DA0007FC241 /* ChangeLanguageVC.swift in Sources */,
				CE20632923D5D5B0001F5245 /* Request.swift in Sources */,
				CE15A45223D63E42007FC241 /* PostPresenter.swift in Sources */,
				CE1399E923D4F78B001AD152 /* PostsVC.swift in Sources */,
				CE121D3E23D7B34B00385F3A /* DetailRequest.swift in Sources */,
				CE20632B23D5D62B001F5245 /* RouterLayer.swift in Sources */,
				CE15A44E23D639E1007FC241 /* Posts.swift in Sources */,
				CE1399E723D4F78B001AD152 /* AppDelegate.swift in Sources */,
				CE121D3C23D7B2A600385F3A /* Details.swift in Sources */,
				CE15A44C23D63721007FC241 /* PostCell.swift in Sources */,
				CE20632D23D5E2E0001F5245 /* Extentions.swift in Sources */,
				CE15A44623D632DE007FC241 /* BaseVC.swift in Sources */,
			);
			runOnlyForDeploymentPostprocessing = 0;
		};
		CE1399F623D4F790001AD152 /* Sources */ = {
			isa = PBXSourcesBuildPhase;
			buildActionMask = 2147483647;
			files = (
				CE1399FF23D4F790001AD152 /* SocialAppTests.swift in Sources */,
			);
			runOnlyForDeploymentPostprocessing = 0;
		};
		CE139A0123D4F790001AD152 /* Sources */ = {
			isa = PBXSourcesBuildPhase;
			buildActionMask = 2147483647;
			files = (
				CE139A0A23D4F790001AD152 /* SocialAppUITests.swift in Sources */,
			);
			runOnlyForDeploymentPostprocessing = 0;
		};
/* End PBXSourcesBuildPhase section */

/* Begin PBXTargetDependency section */
		CE1399FC23D4F790001AD152 /* PBXTargetDependency */ = {
			isa = PBXTargetDependency;
			target = CE1399E223D4F78B001AD152 /* SocialApp */;
			targetProxy = CE1399FB23D4F790001AD152 /* PBXContainerItemProxy */;
		};
		CE139A0723D4F790001AD152 /* PBXTargetDependency */ = {
			isa = PBXTargetDependency;
			target = CE1399E223D4F78B001AD152 /* SocialApp */;
			targetProxy = CE139A0623D4F790001AD152 /* PBXContainerItemProxy */;
		};
/* End PBXTargetDependency section */

/* Begin PBXVariantGroup section */
		CE1399EA23D4F78C001AD152 /* Main.storyboard */ = {
			isa = PBXVariantGroup;
			children = (
				CE1399EB23D4F78C001AD152 /* Base */,
			);
			name = Main.storyboard;
			sourceTree = "<group>";
		};
		CE1399F223D4F790001AD152 /* LaunchScreen.storyboard */ = {
			isa = PBXVariantGroup;
			children = (
				CE1399F323D4F790001AD152 /* Base */,
			);
			name = LaunchScreen.storyboard;
			sourceTree = "<group>";
		};
/* End PBXVariantGroup section */

/* Begin XCBuildConfiguration section */
		CE139A0C23D4F790001AD152 /* Debug */ = {
			isa = XCBuildConfiguration;
			buildSettings = {
				ALWAYS_SEARCH_USER_PATHS = NO;
				CLANG_ANALYZER_NONNULL = YES;
				CLANG_ANALYZER_NUMBER_OBJECT_CONVERSION = YES_AGGRESSIVE;
				CLANG_CXX_LANGUAGE_STANDARD = "gnu++14";
				CLANG_CXX_LIBRARY = "libc++";
				CLANG_ENABLE_MODULES = YES;
				CLANG_ENABLE_OBJC_ARC = YES;
				CLANG_ENABLE_OBJC_WEAK = YES;
				CLANG_WARN_BLOCK_CAPTURE_AUTORELEASING = YES;
				CLANG_WARN_BOOL_CONVERSION = YES;
				CLANG_WARN_COMMA = YES;
				CLANG_WARN_CONSTANT_CONVERSION = YES;
				CLANG_WARN_DEPRECATED_OBJC_IMPLEMENTATIONS = YES;
				CLANG_WARN_DIRECT_OBJC_ISA_USAGE = YES_ERROR;
				CLANG_WARN_DOCUMENTATION_COMMENTS = YES;
				CLANG_WARN_EMPTY_BODY = YES;
				CLANG_WARN_ENUM_CONVERSION = YES;
				CLANG_WARN_INFINITE_RECURSION = YES;
				CLANG_WARN_INT_CONVERSION = YES;
				CLANG_WARN_NON_LITERAL_NULL_CONVERSION = YES;
				CLANG_WARN_OBJC_IMPLICIT_RETAIN_SELF = YES;
				CLANG_WARN_OBJC_LITERAL_CONVERSION = YES;
				CLANG_WARN_OBJC_ROOT_CLASS = YES_ERROR;
				CLANG_WARN_RANGE_LOOP_ANALYSIS = YES;
				CLANG_WARN_STRICT_PROTOTYPES = YES;
				CLANG_WARN_SUSPICIOUS_MOVE = YES;
				CLANG_WARN_UNGUARDED_AVAILABILITY = YES_AGGRESSIVE;
				CLANG_WARN_UNREACHABLE_CODE = YES;
				CLANG_WARN__DUPLICATE_METHOD_MATCH = YES;
				CODE_SIGN_IDENTITY = "iPhone Developer";
				COPY_PHASE_STRIP = NO;
				DEBUG_INFORMATION_FORMAT = dwarf;
				ENABLE_STRICT_OBJC_MSGSEND = YES;
				ENABLE_TESTABILITY = YES;
				GCC_C_LANGUAGE_STANDARD = gnu11;
				GCC_DYNAMIC_NO_PIC = NO;
				GCC_NO_COMMON_BLOCKS = YES;
				GCC_OPTIMIZATION_LEVEL = 0;
				GCC_PREPROCESSOR_DEFINITIONS = (
					"DEBUG=1",
					"$(inherited)",
				);
				GCC_WARN_64_TO_32_BIT_CONVERSION = YES;
				GCC_WARN_ABOUT_RETURN_TYPE = YES_ERROR;
				GCC_WARN_UNDECLARED_SELECTOR = YES;
				GCC_WARN_UNINITIALIZED_AUTOS = YES_AGGRESSIVE;
				GCC_WARN_UNUSED_FUNCTION = YES;
				GCC_WARN_UNUSED_VARIABLE = YES;
				IPHONEOS_DEPLOYMENT_TARGET = 12.4;
				MTL_ENABLE_DEBUG_INFO = INCLUDE_SOURCE;
				MTL_FAST_MATH = YES;
				ONLY_ACTIVE_ARCH = YES;
				SDKROOT = iphoneos;
				SWIFT_ACTIVE_COMPILATION_CONDITIONS = DEBUG;
				SWIFT_OPTIMIZATION_LEVEL = "-Onone";
			};
			name = Debug;
		};
		CE139A0D23D4F790001AD152 /* Release */ = {
			isa = XCBuildConfiguration;
			buildSettings = {
				ALWAYS_SEARCH_USER_PATHS = NO;
				CLANG_ANALYZER_NONNULL = YES;
				CLANG_ANALYZER_NUMBER_OBJECT_CONVERSION = YES_AGGRESSIVE;
				CLANG_CXX_LANGUAGE_STANDARD = "gnu++14";
				CLANG_CXX_LIBRARY = "libc++";
				CLANG_ENABLE_MODULES = YES;
				CLANG_ENABLE_OBJC_ARC = YES;
				CLANG_ENABLE_OBJC_WEAK = YES;
				CLANG_WARN_BLOCK_CAPTURE_AUTORELEASING = YES;
				CLANG_WARN_BOOL_CONVERSION = YES;
				CLANG_WARN_COMMA = YES;
				CLANG_WARN_CONSTANT_CONVERSION = YES;
				CLANG_WARN_DEPRECATED_OBJC_IMPLEMENTATIONS = YES;
				CLANG_WARN_DIRECT_OBJC_ISA_USAGE = YES_ERROR;
				CLANG_WARN_DOCUMENTATION_COMMENTS = YES;
				CLANG_WARN_EMPTY_BODY = YES;
				CLANG_WARN_ENUM_CONVERSION = YES;
				CLANG_WARN_INFINITE_RECURSION = YES;
				CLANG_WARN_INT_CONVERSION = YES;
				CLANG_WARN_NON_LITERAL_NULL_CONVERSION = YES;
				CLANG_WARN_OBJC_IMPLICIT_RETAIN_SELF = YES;
				CLANG_WARN_OBJC_LITERAL_CONVERSION = YES;
				CLANG_WARN_OBJC_ROOT_CLASS = YES_ERROR;
				CLANG_WARN_RANGE_LOOP_ANALYSIS = YES;
				CLANG_WARN_STRICT_PROTOTYPES = YES;
				CLANG_WARN_SUSPICIOUS_MOVE = YES;
				CLANG_WARN_UNGUARDED_AVAILABILITY = YES_AGGRESSIVE;
				CLANG_WARN_UNREACHABLE_CODE = YES;
				CLANG_WARN__DUPLICATE_METHOD_MATCH = YES;
				CODE_SIGN_IDENTITY = "iPhone Developer";
				COPY_PHASE_STRIP = NO;
				DEBUG_INFORMATION_FORMAT = "dwarf-with-dsym";
				ENABLE_NS_ASSERTIONS = NO;
				ENABLE_STRICT_OBJC_MSGSEND = YES;
				GCC_C_LANGUAGE_STANDARD = gnu11;
				GCC_NO_COMMON_BLOCKS = YES;
				GCC_WARN_64_TO_32_BIT_CONVERSION = YES;
				GCC_WARN_ABOUT_RETURN_TYPE = YES_ERROR;
				GCC_WARN_UNDECLARED_SELECTOR = YES;
				GCC_WARN_UNINITIALIZED_AUTOS = YES_AGGRESSIVE;
				GCC_WARN_UNUSED_FUNCTION = YES;
				GCC_WARN_UNUSED_VARIABLE = YES;
				IPHONEOS_DEPLOYMENT_TARGET = 12.4;
				MTL_ENABLE_DEBUG_INFO = NO;
				MTL_FAST_MATH = YES;
				SDKROOT = iphoneos;
				SWIFT_COMPILATION_MODE = wholemodule;
				SWIFT_OPTIMIZATION_LEVEL = "-O";
				VALIDATE_PRODUCT = YES;
			};
			name = Release;
		};
		CE139A0F23D4F790001AD152 /* Debug */ = {
			isa = XCBuildConfiguration;
			baseConfigurationReference = 134324E99A0D572E43994307 /* Pods-SocialApp.debug.xcconfig */;
			buildSettings = {
				ASSETCATALOG_COMPILER_APPICON_NAME = AppIcon;
				CODE_SIGN_STYLE = Automatic;
				DEVELOPMENT_TEAM = 7KZJ9WZKUD;
				INFOPLIST_FILE = SocialApp/Info.plist;
				IPHONEOS_DEPLOYMENT_TARGET = 11.0;
				LD_RUNPATH_SEARCH_PATHS = (
					"$(inherited)",
					"@executable_path/Frameworks",
				);
				PRODUCT_BUNDLE_IDENTIFIER = com.Azza.SocialApp;
				PRODUCT_NAME = "$(TARGET_NAME)";
				SWIFT_VERSION = 5.0;
				TARGETED_DEVICE_FAMILY = "1,2";
			};
			name = Debug;
		};
		CE139A1023D4F790001AD152 /* Release */ = {
			isa = XCBuildConfiguration;
			baseConfigurationReference = 50955ABD3E9A69161744218D /* Pods-SocialApp.release.xcconfig */;
			buildSettings = {
				ASSETCATALOG_COMPILER_APPICON_NAME = AppIcon;
				CODE_SIGN_STYLE = Automatic;
				DEVELOPMENT_TEAM = 7KZJ9WZKUD;
				INFOPLIST_FILE = SocialApp/Info.plist;
				IPHONEOS_DEPLOYMENT_TARGET = 11.0;
				LD_RUNPATH_SEARCH_PATHS = (
					"$(inherited)",
					"@executable_path/Frameworks",
				);
				PRODUCT_BUNDLE_IDENTIFIER = com.Azza.SocialApp;
				PRODUCT_NAME = "$(TARGET_NAME)";
				SWIFT_VERSION = 5.0;
				TARGETED_DEVICE_FAMILY = "1,2";
			};
			name = Release;
		};
		CE139A1223D4F790001AD152 /* Debug */ = {
			isa = XCBuildConfiguration;
			baseConfigurationReference = B54D065455A58E28DC480E18 /* Pods-SocialAppTests.debug.xcconfig */;
			buildSettings = {
				ALWAYS_EMBED_SWIFT_STANDARD_LIBRARIES = YES;
				BUNDLE_LOADER = "$(TEST_HOST)";
				CODE_SIGN_STYLE = Automatic;
				DEVELOPMENT_TEAM = 7KZJ9WZKUD;
				INFOPLIST_FILE = SocialAppTests/Info.plist;
				LD_RUNPATH_SEARCH_PATHS = (
					"$(inherited)",
					"@executable_path/Frameworks",
					"@loader_path/Frameworks",
				);
				PRODUCT_BUNDLE_IDENTIFIER = com.Azza.SocialAppTests;
				PRODUCT_NAME = "$(TARGET_NAME)";
				SWIFT_VERSION = 5.0;
				TARGETED_DEVICE_FAMILY = "1,2";
				TEST_HOST = "$(BUILT_PRODUCTS_DIR)/SocialApp.app/SocialApp";
			};
			name = Debug;
		};
		CE139A1323D4F790001AD152 /* Release */ = {
			isa = XCBuildConfiguration;
			baseConfigurationReference = 1F50C43B0529C378ABECF0B3 /* Pods-SocialAppTests.release.xcconfig */;
			buildSettings = {
				ALWAYS_EMBED_SWIFT_STANDARD_LIBRARIES = YES;
				BUNDLE_LOADER = "$(TEST_HOST)";
				CODE_SIGN_STYLE = Automatic;
				DEVELOPMENT_TEAM = 7KZJ9WZKUD;
				INFOPLIST_FILE = SocialAppTests/Info.plist;
				LD_RUNPATH_SEARCH_PATHS = (
					"$(inherited)",
					"@executable_path/Frameworks",
					"@loader_path/Frameworks",
				);
				PRODUCT_BUNDLE_IDENTIFIER = com.Azza.SocialAppTests;
				PRODUCT_NAME = "$(TARGET_NAME)";
				SWIFT_VERSION = 5.0;
				TARGETED_DEVICE_FAMILY = "1,2";
				TEST_HOST = "$(BUILT_PRODUCTS_DIR)/SocialApp.app/SocialApp";
			};
			name = Release;
		};
		CE139A1523D4F790001AD152 /* Debug */ = {
			isa = XCBuildConfiguration;
			baseConfigurationReference = AF2A01B4B0A89944EBCC8701 /* Pods-SocialAppUITests.debug.xcconfig */;
			buildSettings = {
				ALWAYS_EMBED_SWIFT_STANDARD_LIBRARIES = YES;
				CODE_SIGN_STYLE = Automatic;
				DEVELOPMENT_TEAM = 7KZJ9WZKUD;
				INFOPLIST_FILE = SocialAppUITests/Info.plist;
				LD_RUNPATH_SEARCH_PATHS = (
					"$(inherited)",
					"@executable_path/Frameworks",
					"@loader_path/Frameworks",
				);
				PRODUCT_BUNDLE_IDENTIFIER = com.Azza.SocialAppUITests;
				PRODUCT_NAME = "$(TARGET_NAME)";
				SWIFT_VERSION = 5.0;
				TARGETED_DEVICE_FAMILY = "1,2";
				TEST_TARGET_NAME = SocialApp;
			};
			name = Debug;
		};
		CE139A1623D4F790001AD152 /* Release */ = {
			isa = XCBuildConfiguration;
			baseConfigurationReference = D2CEEE8F6019C70C2B1CD530 /* Pods-SocialAppUITests.release.xcconfig */;
			buildSettings = {
				ALWAYS_EMBED_SWIFT_STANDARD_LIBRARIES = YES;
				CODE_SIGN_STYLE = Automatic;
				DEVELOPMENT_TEAM = 7KZJ9WZKUD;
				INFOPLIST_FILE = SocialAppUITests/Info.plist;
				LD_RUNPATH_SEARCH_PATHS = (
					"$(inherited)",
					"@executable_path/Frameworks",
					"@loader_path/Frameworks",
				);
				PRODUCT_BUNDLE_IDENTIFIER = com.Azza.SocialAppUITests;
				PRODUCT_NAME = "$(TARGET_NAME)";
				SWIFT_VERSION = 5.0;
				TARGETED_DEVICE_FAMILY = "1,2";
				TEST_TARGET_NAME = SocialApp;
			};
			name = Release;
		};
/* End XCBuildConfiguration section */

/* Begin XCConfigurationList section */
		CE1399DE23D4F78B001AD152 /* Build configuration list for PBXProject "SocialApp" */ = {
			isa = XCConfigurationList;
			buildConfigurations = (
				CE139A0C23D4F790001AD152 /* Debug */,
				CE139A0D23D4F790001AD152 /* Release */,
			);
			defaultConfigurationIsVisible = 0;
			defaultConfigurationName = Release;
		};
		CE139A0E23D4F790001AD152 /* Build configuration list for PBXNativeTarget "SocialApp" */ = {
			isa = XCConfigurationList;
			buildConfigurations = (
				CE139A0F23D4F790001AD152 /* Debug */,
				CE139A1023D4F790001AD152 /* Release */,
			);
			defaultConfigurationIsVisible = 0;
			defaultConfigurationName = Release;
		};
		CE139A1123D4F790001AD152 /* Build configuration list for PBXNativeTarget "SocialAppTests" */ = {
			isa = XCConfigurationList;
			buildConfigurations = (
				CE139A1223D4F790001AD152 /* Debug */,
				CE139A1323D4F790001AD152 /* Release */,
			);
			defaultConfigurationIsVisible = 0;
			defaultConfigurationName = Release;
		};
		CE139A1423D4F790001AD152 /* Build configuration list for PBXNativeTarget "SocialAppUITests" */ = {
			isa = XCConfigurationList;
			buildConfigurations = (
				CE139A1523D4F790001AD152 /* Debug */,
				CE139A1623D4F790001AD152 /* Release */,
			);
			defaultConfigurationIsVisible = 0;
			defaultConfigurationName = Release;
		};
/* End XCConfigurationList section */

/* Begin XCVersionGroup section */
		CE1399ED23D4F78C001AD152 /* SocialApp.xcdatamodeld */ = {
			isa = XCVersionGroup;
			children = (
				CE1399EE23D4F78C001AD152 /* SocialApp.xcdatamodel */,
			);
			currentVersion = CE1399EE23D4F78C001AD152 /* SocialApp.xcdatamodel */;
			path = SocialApp.xcdatamodeld;
			sourceTree = "<group>";
			versionGroupType = wrapper.xcdatamodel;
		};
/* End XCVersionGroup section */
	};
	rootObject = CE1399DB23D4F78B001AD152 /* Project object */;
}
